
Microsoft Visual Studio Solution File, Format Version 12.00
# Visual Studio Version 17
VisualStudioVersion = 17.8.34330.188
MinimumVisualStudioVersion = 10.0.40219.1
Project("{FAE04EC0-301F-11D3-BF4B-00C04F79EFBC}") = "amazon_clone.web", "amazon_clone.web\amazon_clone.web.csproj", "{79F468D6-F993-4516-985D-731A967F43F0}"
EndProject
Global
	GlobalSection(SolutionConfigurationPlatforms) = preSolution
		Debug|Any CPU = Debug|Any CPU
		Release|Any CPU = Release|Any CPU
	EndGlobalSection
	GlobalSection(ProjectConfigurationPlatforms) = postSolution
		{79F468D6-F993-4516-985D-731A967F43F0}.Debug|Any CPU.ActiveCfg = Debug|Any CPU
		{79F468D6-F993-4516-985D-731A967F43F0}.Debug|Any CPU.Build.0 = Debug|Any CPU
		{79F468D6-F993-4516-985D-731A967F43F0}.Release|Any CPU.ActiveCfg = Release|Any CPU
		{79F468D6-F993-4516-985D-731A967F43F0}.Release|Any CPU.Build.0 = Release|Any CPU
	EndGlobalSection
	GlobalSection(SolutionProperties) = preSolution
		HideSolutionNode = FALSE
	EndGlobalSection
	GlobalSection(ExtensibilityGlobals) = postSolution
		SolutionGuid = {45535BEE-778B-4CB8-90C0-307D33BE3DFC}
	EndGlobalSection
EndGlobal
