
Microsoft Visual Studio Solution File, Format Version 12.00
# Visual Studio Version 17
VisualStudioVersion = 17.8.34330.188
MinimumVisualStudioVersion = 10.0.40219.1
Project("{9A19103F-16F7-4668-BE54-9A1E7A4F7556}") = "amazon_clone.Utility", "amazon_clone.Utility\amazon_clone.Utility.csproj", "{D3594CD2-0BE9-4D48-B800-7F72F5236171}"
EndProject
Project("{9A19103F-16F7-4668-BE54-9A1E7A4F7556}") = "amazon_clone.Shared_Packages", "amazon_clone.Shared_Packages\amazon_clone.Shared_Packages.csproj", "{48C17315-8E96-4ED3-95CA-FF8ABD21D896}"
EndProject
Project("{9A19103F-16F7-4668-BE54-9A1E7A4F7556}") = "amazon_clone.Application", "amazon_clone.Application\amazon_clone.Application.csproj", "{ABDC0B00-3DD2-49E7-ACA8-CB9D11D9735F}"
EndProject
Project("{9A19103F-16F7-4668-BE54-9A1E7A4F7556}") = "amazon_clone.Domain", "amazon_clone.Domain\amazon_clone.Domain.csproj", "{E468FCC0-C608-425F-B444-2BFDFACE87D4}"
EndProject
Project("{9A19103F-16F7-4668-BE54-9A1E7A4F7556}") = "amazon_clone.Infrastructure", "amazon_clone.Infrastructure\amazon_clone.Infrastructure.csproj", "{C105FA6B-FE34-4961-9D59-18E0F9957BFB}"
EndProject
Project("{9A19103F-16F7-4668-BE54-9A1E7A4F7556}") = "amazon_clone.Presentation.Dashboard", "amazon_clone.Presentation.Dashboard\amazon_clone.Presentation.Dashboard.csproj", "{55512A59-D65D-4CB5-84B7-456A4C644445}"
EndProject
Project("{9A19103F-16F7-4668-BE54-9A1E7A4F7556}") = "amazon_clone.Presentation.CustomerApp", "amazon_clone.Presentation.CustomerApp\amazon_clone.Presentation.CustomerApp.csproj", "{9C755860-9C18-4C72-94E5-96BD0A2D3397}"
EndProject
Global
	GlobalSection(SolutionConfigurationPlatforms) = preSolution
		Debug|Any CPU = Debug|Any CPU
		Release|Any CPU = Release|Any CPU
	EndGlobalSection
	GlobalSection(ProjectConfigurationPlatforms) = postSolution
		{D3594CD2-0BE9-4D48-B800-7F72F5236171}.Debug|Any CPU.ActiveCfg = Debug|Any CPU
		{D3594CD2-0BE9-4D48-B800-7F72F5236171}.Debug|Any CPU.Build.0 = Debug|Any CPU
		{D3594CD2-0BE9-4D48-B800-7F72F5236171}.Release|Any CPU.ActiveCfg = Release|Any CPU
		{D3594CD2-0BE9-4D48-B800-7F72F5236171}.Release|Any CPU.Build.0 = Release|Any CPU
		{48C17315-8E96-4ED3-95CA-FF8ABD21D896}.Debug|Any CPU.ActiveCfg = Debug|Any CPU
		{48C17315-8E96-4ED3-95CA-FF8ABD21D896}.Debug|Any CPU.Build.0 = Debug|Any CPU
		{48C17315-8E96-4ED3-95CA-FF8ABD21D896}.Release|Any CPU.ActiveCfg = Release|Any CPU
		{48C17315-8E96-4ED3-95CA-FF8ABD21D896}.Release|Any CPU.Build.0 = Release|Any CPU
		{ABDC0B00-3DD2-49E7-ACA8-CB9D11D9735F}.Debug|Any CPU.ActiveCfg = Debug|Any CPU
		{ABDC0B00-3DD2-49E7-ACA8-CB9D11D9735F}.Debug|Any CPU.Build.0 = Debug|Any CPU
		{ABDC0B00-3DD2-49E7-ACA8-CB9D11D9735F}.Release|Any CPU.ActiveCfg = Release|Any CPU
		{ABDC0B00-3DD2-49E7-ACA8-CB9D11D9735F}.Release|Any CPU.Build.0 = Release|Any CPU
		{E468FCC0-C608-425F-B444-2BFDFACE87D4}.Debug|Any CPU.ActiveCfg = Debug|Any CPU
		{E468FCC0-C608-425F-B444-2BFDFACE87D4}.Debug|Any CPU.Build.0 = Debug|Any CPU
		{E468FCC0-C608-425F-B444-2BFDFACE87D4}.Release|Any CPU.ActiveCfg = Release|Any CPU
		{E468FCC0-C608-425F-B444-2BFDFACE87D4}.Release|Any CPU.Build.0 = Release|Any CPU
		{C105FA6B-FE34-4961-9D59-18E0F9957BFB}.Debug|Any CPU.ActiveCfg = Debug|Any CPU
		{C105FA6B-FE34-4961-9D59-18E0F9957BFB}.Debug|Any CPU.Build.0 = Debug|Any CPU
		{C105FA6B-FE34-4961-9D59-18E0F9957BFB}.Release|Any CPU.ActiveCfg = Release|Any CPU
		{C105FA6B-FE34-4961-9D59-18E0F9957BFB}.Release|Any CPU.Build.0 = Release|Any CPU
		{55512A59-D65D-4CB5-84B7-456A4C644445}.Debug|Any CPU.ActiveCfg = Debug|Any CPU
		{55512A59-D65D-4CB5-84B7-456A4C644445}.Debug|Any CPU.Build.0 = Debug|Any CPU
		{55512A59-D65D-4CB5-84B7-456A4C644445}.Release|Any CPU.ActiveCfg = Release|Any CPU
		{55512A59-D65D-4CB5-84B7-456A4C644445}.Release|Any CPU.Build.0 = Release|Any CPU
		{9C755860-9C18-4C72-94E5-96BD0A2D3397}.Debug|Any CPU.ActiveCfg = Debug|Any CPU
		{9C755860-9C18-4C72-94E5-96BD0A2D3397}.Debug|Any CPU.Build.0 = Debug|Any CPU
		{9C755860-9C18-4C72-94E5-96BD0A2D3397}.Release|Any CPU.ActiveCfg = Release|Any CPU
		{9C755860-9C18-4C72-94E5-96BD0A2D3397}.Release|Any CPU.Build.0 = Release|Any CPU
	EndGlobalSection
	GlobalSection(SolutionProperties) = preSolution
		HideSolutionNode = FALSE
	EndGlobalSection
	GlobalSection(ExtensibilityGlobals) = postSolution
		SolutionGuid = {45535BEE-778B-4CB8-90C0-307D33BE3DFC}
	EndGlobalSection
EndGlobal
