
Microsoft Visual Studio Solution File, Format Version 12.00
# Visual Studio Version 17
VisualStudioVersion = 17.8.34330.188
MinimumVisualStudioVersion = 10.0.40219.1
Project("{9A19103F-16F7-4668-BE54-9A1E7A4F7556}") = "amazon_clone.web", "amazon_clone.web\amazon_clone.web.csproj", "{79F468D6-F993-4516-985D-731A967F43F0}"
EndProject
Project("{9A19103F-16F7-4668-BE54-9A1E7A4F7556}") = "amazon_clone.DataAccess", "amazon_clone.DataAccess\amazon_clone.DataAccess.csproj", "{29CD43FE-E1F6-4330-AF9A-BC5CD9A11914}"
EndProject
Project("{9A19103F-16F7-4668-BE54-9A1E7A4F7556}") = "amazon_clone.Models", "amazon_clone.Models\amazon_clone.Models.csproj", "{8011682C-2B1E-459B-B567-103FE593E72B}"
EndProject
Project("{9A19103F-16F7-4668-BE54-9A1E7A4F7556}") = "amazon_clone.Utility", "amazon_clone.Utility\amazon_clone.Utility.csproj", "{D3594CD2-0BE9-4D48-B800-7F72F5236171}"
EndProject
Project("{9A19103F-16F7-4668-BE54-9A1E7A4F7556}") = "amazon_clone.Shared_Packages", "amazon_clone.Shared_Packages\amazon_clone.Shared_Packages.csproj", "{48C17315-8E96-4ED3-95CA-FF8ABD21D896}"
EndProject
Project("{FAE04EC0-301F-11D3-BF4B-00C04F79EFBC}") = "amazon_clone.Services", "amazon_clone.Services\amazon_clone.Services.csproj", "{8B743563-60D9-4290-86B2-C8382FB46C80}"
EndProject
Global
	GlobalSection(SolutionConfigurationPlatforms) = preSolution
		Debug|Any CPU = Debug|Any CPU
		Release|Any CPU = Release|Any CPU
	EndGlobalSection
	GlobalSection(ProjectConfigurationPlatforms) = postSolution
		{79F468D6-F993-4516-985D-731A967F43F0}.Debug|Any CPU.ActiveCfg = Debug|Any CPU
		{79F468D6-F993-4516-985D-731A967F43F0}.Debug|Any CPU.Build.0 = Debug|Any CPU
		{79F468D6-F993-4516-985D-731A967F43F0}.Release|Any CPU.ActiveCfg = Release|Any CPU
		{79F468D6-F993-4516-985D-731A967F43F0}.Release|Any CPU.Build.0 = Release|Any CPU
		{29CD43FE-E1F6-4330-AF9A-BC5CD9A11914}.Debug|Any CPU.ActiveCfg = Debug|Any CPU
		{29CD43FE-E1F6-4330-AF9A-BC5CD9A11914}.Debug|Any CPU.Build.0 = Debug|Any CPU
		{29CD43FE-E1F6-4330-AF9A-BC5CD9A11914}.Release|Any CPU.ActiveCfg = Release|Any CPU
		{29CD43FE-E1F6-4330-AF9A-BC5CD9A11914}.Release|Any CPU.Build.0 = Release|Any CPU
		{8011682C-2B1E-459B-B567-103FE593E72B}.Debug|Any CPU.ActiveCfg = Debug|Any CPU
		{8011682C-2B1E-459B-B567-103FE593E72B}.Debug|Any CPU.Build.0 = Debug|Any CPU
		{8011682C-2B1E-459B-B567-103FE593E72B}.Release|Any CPU.ActiveCfg = Release|Any CPU
		{8011682C-2B1E-459B-B567-103FE593E72B}.Release|Any CPU.Build.0 = Release|Any CPU
		{D3594CD2-0BE9-4D48-B800-7F72F5236171}.Debug|Any CPU.ActiveCfg = Debug|Any CPU
		{D3594CD2-0BE9-4D48-B800-7F72F5236171}.Debug|Any CPU.Build.0 = Debug|Any CPU
		{D3594CD2-0BE9-4D48-B800-7F72F5236171}.Release|Any CPU.ActiveCfg = Release|Any CPU
		{D3594CD2-0BE9-4D48-B800-7F72F5236171}.Release|Any CPU.Build.0 = Release|Any CPU
		{48C17315-8E96-4ED3-95CA-FF8ABD21D896}.Debug|Any CPU.ActiveCfg = Debug|Any CPU
		{48C17315-8E96-4ED3-95CA-FF8ABD21D896}.Debug|Any CPU.Build.0 = Debug|Any CPU
		{48C17315-8E96-4ED3-95CA-FF8ABD21D896}.Release|Any CPU.ActiveCfg = Release|Any CPU
		{48C17315-8E96-4ED3-95CA-FF8ABD21D896}.Release|Any CPU.Build.0 = Release|Any CPU
		{8B743563-60D9-4290-86B2-C8382FB46C80}.Debug|Any CPU.ActiveCfg = Debug|Any CPU
		{8B743563-60D9-4290-86B2-C8382FB46C80}.Debug|Any CPU.Build.0 = Debug|Any CPU
		{8B743563-60D9-4290-86B2-C8382FB46C80}.Release|Any CPU.ActiveCfg = Release|Any CPU
		{8B743563-60D9-4290-86B2-C8382FB46C80}.Release|Any CPU.Build.0 = Release|Any CPU
	EndGlobalSection
	GlobalSection(SolutionProperties) = preSolution
		HideSolutionNode = FALSE
	EndGlobalSection
	GlobalSection(ExtensibilityGlobals) = postSolution
		SolutionGuid = {45535BEE-778B-4CB8-90C0-307D33BE3DFC}
	EndGlobalSection
EndGlobal
